
Microsoft Visual Studio Solution File, Format Version 12.00
# Visual Studio Version 16
VisualStudioVersion = 16.0.31005.135
MinimumVisualStudioVersion = 10.0.40219.1
Project("{8BC9CEB8-8B4A-11D0-8D11-00A0C91BC942}") = "LocalizeRC", "LocalizeRC.vcxproj", "{8E7B7700-97D3-41B9-8B7C-E37F6F23D777}"
EndProject
Project("{8BC9CEB8-8B4A-11D0-8D11-00A0C91BC942}") = "ChineseSimplified", "ChineseSimplified\ChineseSimplified.vcxproj", "{37FD1165-5236-42B7-BDBA-00ADBD2B1788}"
EndProject
Project("{8BC9CEB8-8B4A-11D0-8D11-00A0C91BC942}") = "German", "German\German.vcxproj", "{2B0CD921-B336-4B08-BAC1-95B67C654EAD}"
EndProject
Global
	GlobalSection(SolutionConfigurationPlatforms) = preSolution
		Debug|Win32 = Debug|Win32
		Debug|x86 = Debug|x86
		Release|Win32 = Release|Win32
		Release|x86 = Release|x86
		UNICODE Debug|Win32 = UNICODE Debug|Win32
		UNICODE Debug|x86 = UNICODE Debug|x86
		UNICODE Release|Win32 = UNICODE Release|Win32
		UNICODE Release|x86 = UNICODE Release|x86
	EndGlobalSection
	GlobalSection(ProjectConfigurationPlatforms) = postSolution
		{8E7B7700-97D3-41B9-8B7C-E37F6F23D777}.Debug|Win32.ActiveCfg = UNICODE Release|Win32
		{8E7B7700-97D3-41B9-8B7C-E37F6F23D777}.Debug|Win32.Build.0 = UNICODE Release|Win32
		{8E7B7700-97D3-41B9-8B7C-E37F6F23D777}.Debug|x86.ActiveCfg = Debug|Win32
		{8E7B7700-97D3-41B9-8B7C-E37F6F23D777}.Debug|x86.Build.0 = Debug|Win32
		{8E7B7700-97D3-41B9-8B7C-E37F6F23D777}.Release|Win32.ActiveCfg = UNICODE Release|Win32
		{8E7B7700-97D3-41B9-8B7C-E37F6F23D777}.Release|Win32.Build.0 = UNICODE Release|Win32
		{8E7B7700-97D3-41B9-8B7C-E37F6F23D777}.Release|x86.ActiveCfg = Release|Win32
		{8E7B7700-97D3-41B9-8B7C-E37F6F23D777}.Release|x86.Build.0 = Release|Win32
		{8E7B7700-97D3-41B9-8B7C-E37F6F23D777}.UNICODE Debug|Win32.ActiveCfg = UNICODE Release|Win32
		{8E7B7700-97D3-41B9-8B7C-E37F6F23D777}.UNICODE Debug|Win32.Build.0 = UNICODE Release|Win32
		{8E7B7700-97D3-41B9-8B7C-E37F6F23D777}.UNICODE Debug|x86.ActiveCfg = UNICODE Debug|Win32
		{8E7B7700-97D3-41B9-8B7C-E37F6F23D777}.UNICODE Debug|x86.Build.0 = UNICODE Debug|Win32
		{8E7B7700-97D3-41B9-8B7C-E37F6F23D777}.UNICODE Release|Win32.ActiveCfg = UNICODE Release|Win32
		{8E7B7700-97D3-41B9-8B7C-E37F6F23D777}.UNICODE Release|Win32.Build.0 = UNICODE Release|Win32
		{8E7B7700-97D3-41B9-8B7C-E37F6F23D777}.UNICODE Release|x86.ActiveCfg = UNICODE Release|Win32
		{8E7B7700-97D3-41B9-8B7C-E37F6F23D777}.UNICODE Release|x86.Build.0 = UNICODE Release|Win32
		{37FD1165-5236-42B7-BDBA-00ADBD2B1788}.Debug|Win32.ActiveCfg = Debug|Win32
		{37FD1165-5236-42B7-BDBA-00ADBD2B1788}.Debug|Win32.Build.0 = Debug|Win32
		{37FD1165-5236-42B7-BDBA-00ADBD2B1788}.Debug|x86.ActiveCfg = Debug|Win32
		{37FD1165-5236-42B7-BDBA-00ADBD2B1788}.Debug|x86.Build.0 = Debug|Win32
		{37FD1165-5236-42B7-BDBA-00ADBD2B1788}.Release|Win32.ActiveCfg = Release|Win32
		{37FD1165-5236-42B7-BDBA-00ADBD2B1788}.Release|Win32.Build.0 = Release|Win32
		{37FD1165-5236-42B7-BDBA-00ADBD2B1788}.Release|x86.ActiveCfg = Release|Win32
		{37FD1165-5236-42B7-BDBA-00ADBD2B1788}.Release|x86.Build.0 = Release|Win32
		{37FD1165-5236-42B7-BDBA-00ADBD2B1788}.UNICODE Debug|Win32.ActiveCfg = UNICODE Debug|Win32
		{37FD1165-5236-42B7-BDBA-00ADBD2B1788}.UNICODE Debug|Win32.Build.0 = UNICODE Debug|Win32
		{37FD1165-5236-42B7-BDBA-00ADBD2B1788}.UNICODE Debug|x86.ActiveCfg = UNICODE Debug|Win32
		{37FD1165-5236-42B7-BDBA-00ADBD2B1788}.UNICODE Debug|x86.Build.0 = UNICODE Debug|Win32
		{37FD1165-5236-42B7-BDBA-00ADBD2B1788}.UNICODE Release|Win32.ActiveCfg = UNICODE Release|Win32
		{37FD1165-5236-42B7-BDBA-00ADBD2B1788}.UNICODE Release|Win32.Build.0 = UNICODE Release|Win32
		{37FD1165-5236-42B7-BDBA-00ADBD2B1788}.UNICODE Release|x86.ActiveCfg = UNICODE Release|Win32
		{37FD1165-5236-42B7-BDBA-00ADBD2B1788}.UNICODE Release|x86.Build.0 = UNICODE Release|Win32
		{2B0CD921-B336-4B08-BAC1-95B67C654EAD}.Debug|Win32.ActiveCfg = Debug|Win32
		{2B0CD921-B336-4B08-BAC1-95B67C654EAD}.Debug|Win32.Build.0 = Debug|Win32
		{2B0CD921-B336-4B08-BAC1-95B67C654EAD}.Debug|x86.ActiveCfg = Debug|Win32
		{2B0CD921-B336-4B08-BAC1-95B67C654EAD}.Debug|x86.Build.0 = Debug|Win32
		{2B0CD921-B336-4B08-BAC1-95B67C654EAD}.Release|Win32.ActiveCfg = Release|Win32
		{2B0CD921-B336-4B08-BAC1-95B67C654EAD}.Release|Win32.Build.0 = Release|Win32
		{2B0CD921-B336-4B08-BAC1-95B67C654EAD}.Release|x86.ActiveCfg = Release|Win32
		{2B0CD921-B336-4B08-BAC1-95B67C654EAD}.Release|x86.Build.0 = Release|Win32
		{2B0CD921-B336-4B08-BAC1-95B67C654EAD}.UNICODE Debug|Win32.ActiveCfg = UNICODE Debug|Win32
		{2B0CD921-B336-4B08-BAC1-95B67C654EAD}.UNICODE Debug|Win32.Build.0 = UNICODE Debug|Win32
		{2B0CD921-B336-4B08-BAC1-95B67C654EAD}.UNICODE Debug|x86.ActiveCfg = UNICODE Debug|Win32
		{2B0CD921-B336-4B08-BAC1-95B67C654EAD}.UNICODE Debug|x86.Build.0 = UNICODE Debug|Win32
		{2B0CD921-B336-4B08-BAC1-95B67C654EAD}.UNICODE Release|Win32.ActiveCfg = UNICODE Release|Win32
		{2B0CD921-B336-4B08-BAC1-95B67C654EAD}.UNICODE Release|Win32.Build.0 = UNICODE Release|Win32
		{2B0CD921-B336-4B08-BAC1-95B67C654EAD}.UNICODE Release|x86.ActiveCfg = UNICODE Release|Win32
		{2B0CD921-B336-4B08-BAC1-95B67C654EAD}.UNICODE Release|x86.Build.0 = UNICODE Release|Win32
	EndGlobalSection
	GlobalSection(SolutionProperties) = preSolution
		HideSolutionNode = FALSE
	EndGlobalSection
	GlobalSection(ExtensibilityGlobals) = postSolution
		SolutionGuid = {AC408F8C-D232-4700-B739-C05E34A5C999}
	EndGlobalSection
EndGlobal
