Microsoft Visual Studio Solution File, Format Version 8.00
Project("{8BC9CEB8-8B4A-11D0-8D11-00A0C91BC942}") = "German", "German\German.vcproj", "{923FD29C-BF1A-49D3-8771-59E5259A7ACD}"
	ProjectSection(ProjectDependencies) = postProject
	EndProjectSection
EndProject
Project("{8BC9CEB8-8B4A-11D0-8D11-00A0C91BC942}") = "LocalizeRC", "LocalizeRC.vcproj", "{AD27898B-633D-451E-9F3E-E2E437D9D4A3}"
	ProjectSection(ProjectDependencies) = postProject
	EndProjectSection
EndProject
Global
	GlobalSection(SolutionConfiguration) = preSolution
		Debug = Debug
		Release = Release
		UNICODE Debug = UNICODE Debug
		UNICODE Release = UNICODE Release
	EndGlobalSection
	GlobalSection(ProjectConfiguration) = postSolution
		{923FD29C-BF1A-49D3-8771-59E5259A7ACD}.Debug.ActiveCfg = Debug|Win32
		{923FD29C-BF1A-49D3-8771-59E5259A7ACD}.Debug.Build.0 = Debug|Win32
		{923FD29C-BF1A-49D3-8771-59E5259A7ACD}.Release.ActiveCfg = Release|Win32
		{923FD29C-BF1A-49D3-8771-59E5259A7ACD}.Release.Build.0 = Release|Win32
		{923FD29C-BF1A-49D3-8771-59E5259A7ACD}.UNICODE Debug.ActiveCfg = UNICODE Debug|Win32
		{923FD29C-BF1A-49D3-8771-59E5259A7ACD}.UNICODE Debug.Build.0 = UNICODE Debug|Win32
		{923FD29C-BF1A-49D3-8771-59E5259A7ACD}.UNICODE Release.ActiveCfg = UNICODE Release|Win32
		{923FD29C-BF1A-49D3-8771-59E5259A7ACD}.UNICODE Release.Build.0 = UNICODE Release|Win32
		{AD27898B-633D-451E-9F3E-E2E437D9D4A3}.Debug.ActiveCfg = Debug|Win32
		{AD27898B-633D-451E-9F3E-E2E437D9D4A3}.Debug.Build.0 = Debug|Win32
		{AD27898B-633D-451E-9F3E-E2E437D9D4A3}.Release.ActiveCfg = Release|Win32
		{AD27898B-633D-451E-9F3E-E2E437D9D4A3}.Release.Build.0 = Release|Win32
		{AD27898B-633D-451E-9F3E-E2E437D9D4A3}.UNICODE Debug.ActiveCfg = UNICODE Debug|Win32
		{AD27898B-633D-451E-9F3E-E2E437D9D4A3}.UNICODE Debug.Build.0 = UNICODE Debug|Win32
		{AD27898B-633D-451E-9F3E-E2E437D9D4A3}.UNICODE Release.ActiveCfg = UNICODE Release|Win32
		{AD27898B-633D-451E-9F3E-E2E437D9D4A3}.UNICODE Release.Build.0 = UNICODE Release|Win32
	EndGlobalSection
	GlobalSection(ExtensibilityGlobals) = postSolution
	EndGlobalSection
	GlobalSection(ExtensibilityAddIns) = postSolution
	EndGlobalSection
EndGlobal
